// !$*UTF8*$!
{
	archiveVersion = 1;
	classes = {
	};
	objectVersion = 46;
	objects = {

/* Begin PBXBuildFile section */
		05F2EF00BE265EF6D67AEA31 /* Pods_SupportalTests.framework in Frameworks */ = {isa = PBXBuildFile; fileRef = 5BFC53BEB16D4767D2B3303F /* Pods_SupportalTests.framework */; };
		10414098FB29D74C3AB8903A /* Pods_Supportal.framework in Frameworks */ = {isa = PBXBuildFile; fileRef = 32EE80C4D60B810F22743974 /* Pods_Supportal.framework */; };
		8F4AD45B1DD52AFD0071E683 /* JMCTarget.JSON in Resources */ = {isa = PBXBuildFile; fileRef = 8F4AD45A1DD52AFD0071E683 /* JMCTarget.JSON */; };
		8FC6994C1DB9482000BC18E5 /* BoxViewController.swift in Sources */ = {isa = PBXBuildFile; fileRef = 8FC6994B1DB9482000BC18E5 /* BoxViewController.swift */; };
		A02537661D99AF260017D756 /* AppDelegate.swift in Sources */ = {isa = PBXBuildFile; fileRef = A02537651D99AF260017D756 /* AppDelegate.swift */; };
		A02537681D99AF260017D756 /* ViewController.swift in Sources */ = {isa = PBXBuildFile; fileRef = A02537671D99AF260017D756 /* ViewController.swift */; };
		A025376B1D99AF260017D756 /* Main.storyboard in Resources */ = {isa = PBXBuildFile; fileRef = A02537691D99AF260017D756 /* Main.storyboard */; };
		A025376D1D99AF260017D756 /* Assets.xcassets in Resources */ = {isa = PBXBuildFile; fileRef = A025376C1D99AF260017D756 /* Assets.xcassets */; };
		A02537701D99AF260017D756 /* LaunchScreen.storyboard in Resources */ = {isa = PBXBuildFile; fileRef = A025376E1D99AF260017D756 /* LaunchScreen.storyboard */; };
		A025377B1D99AF260017D756 /* SupportalTests.swift in Sources */ = {isa = PBXBuildFile; fileRef = A025377A1D99AF260017D756 /* SupportalTests.swift */; };
		A02537861D99AF260017D756 /* SupportalUITests.swift in Sources */ = {isa = PBXBuildFile; fileRef = A02537851D99AF260017D756 /* SupportalUITests.swift */; };
		A85F01B959C37B86F4B16C66 /* Pods_SupportalUITests.framework in Frameworks */ = {isa = PBXBuildFile; fileRef = F286B37084CDEA3002E9C1CC /* Pods_SupportalUITests.framework */; };
/* End PBXBuildFile section */

/* Begin PBXContainerItemProxy section */
		A02537771D99AF260017D756 /* PBXContainerItemProxy */ = {
			isa = PBXContainerItemProxy;
			containerPortal = A025375A1D99AF260017D756 /* Project object */;
			proxyType = 1;
			remoteGlobalIDString = A02537611D99AF260017D756;
			remoteInfo = Supportal;
		};
		A02537821D99AF260017D756 /* PBXContainerItemProxy */ = {
			isa = PBXContainerItemProxy;
			containerPortal = A025375A1D99AF260017D756 /* Project object */;
			proxyType = 1;
			remoteGlobalIDString = A02537611D99AF260017D756;
			remoteInfo = Supportal;
		};
/* End PBXContainerItemProxy section */

/* Begin PBXFileReference section */
		0A28F0266535E50A0D886E55 /* Pods-SupportalTests.debug.xcconfig */ = {isa = PBXFileReference; includeInIndex = 1; lastKnownFileType = text.xcconfig; name = "Pods-SupportalTests.debug.xcconfig"; path = "Pods/Target Support Files/Pods-SupportalTests/Pods-SupportalTests.debug.xcconfig"; sourceTree = "<group>"; };
		32EE80C4D60B810F22743974 /* Pods_Supportal.framework */ = {isa = PBXFileReference; explicitFileType = wrapper.framework; includeInIndex = 0; path = Pods_Supportal.framework; sourceTree = BUILT_PRODUCTS_DIR; };
		5A23B01DE11F80C6633A112B /* Pods-Supportal.debug.xcconfig */ = {isa = PBXFileReference; includeInIndex = 1; lastKnownFileType = text.xcconfig; name = "Pods-Supportal.debug.xcconfig"; path = "Pods/Target Support Files/Pods-Supportal/Pods-Supportal.debug.xcconfig"; sourceTree = "<group>"; };
		5BFC53BEB16D4767D2B3303F /* Pods_SupportalTests.framework */ = {isa = PBXFileReference; explicitFileType = wrapper.framework; includeInIndex = 0; path = Pods_SupportalTests.framework; sourceTree = BUILT_PRODUCTS_DIR; };
		63B947172B3FF767C0C07C22 /* Pods-Supportal.release.xcconfig */ = {isa = PBXFileReference; includeInIndex = 1; lastKnownFileType = text.xcconfig; name = "Pods-Supportal.release.xcconfig"; path = "Pods/Target Support Files/Pods-Supportal/Pods-Supportal.release.xcconfig"; sourceTree = "<group>"; };
		8F4943581DB80BA6003E0E50 /* ViewController.h */ = {isa = PBXFileReference; lastKnownFileType = sourcecode.c.h; path = ViewController.h; sourceTree = "<group>"; };
		8F4AD45A1DD52AFD0071E683 /* JMCTarget.JSON */ = {isa = PBXFileReference; fileEncoding = 4; lastKnownFileType = text.json; path = JMCTarget.JSON; sourceTree = "<group>"; };
		8FAAF6031DB93A2F0075E13C /* Supportal-Bridging-Header.h */ = {isa = PBXFileReference; lastKnownFileType = sourcecode.c.h; path = "Supportal-Bridging-Header.h"; sourceTree = "<group>"; };
		8FC6994B1DB9482000BC18E5 /* BoxViewController.swift */ = {isa = PBXFileReference; fileEncoding = 4; lastKnownFileType = sourcecode.swift; path = BoxViewController.swift; sourceTree = "<group>"; };
		A02537621D99AF260017D756 /* Supportal.app */ = {isa = PBXFileReference; explicitFileType = wrapper.application; includeInIndex = 0; path = Supportal.app; sourceTree = BUILT_PRODUCTS_DIR; };
		A02537651D99AF260017D756 /* AppDelegate.swift */ = {isa = PBXFileReference; lastKnownFileType = sourcecode.swift; path = AppDelegate.swift; sourceTree = "<group>"; };
		A02537671D99AF260017D756 /* ViewController.swift */ = {isa = PBXFileReference; lastKnownFileType = sourcecode.swift; path = ViewController.swift; sourceTree = "<group>"; };
		A025376A1D99AF260017D756 /* Base */ = {isa = PBXFileReference; lastKnownFileType = file.storyboard; name = Base; path = Base.lproj/Main.storyboard; sourceTree = "<group>"; };
		A025376C1D99AF260017D756 /* Assets.xcassets */ = {isa = PBXFileReference; lastKnownFileType = folder.assetcatalog; path = Assets.xcassets; sourceTree = "<group>"; };
		A025376F1D99AF260017D756 /* Base */ = {isa = PBXFileReference; lastKnownFileType = file.storyboard; name = Base; path = Base.lproj/LaunchScreen.storyboard; sourceTree = "<group>"; };
		A02537711D99AF260017D756 /* Info.plist */ = {isa = PBXFileReference; lastKnownFileType = text.plist.xml; path = Info.plist; sourceTree = "<group>"; };
		A02537761D99AF260017D756 /* SupportalTests.xctest */ = {isa = PBXFileReference; explicitFileType = wrapper.cfbundle; includeInIndex = 0; path = SupportalTests.xctest; sourceTree = BUILT_PRODUCTS_DIR; };
		A025377A1D99AF260017D756 /* SupportalTests.swift */ = {isa = PBXFileReference; lastKnownFileType = sourcecode.swift; path = SupportalTests.swift; sourceTree = "<group>"; };
		A025377C1D99AF260017D756 /* Info.plist */ = {isa = PBXFileReference; lastKnownFileType = text.plist.xml; path = Info.plist; sourceTree = "<group>"; };
		A02537811D99AF260017D756 /* SupportalUITests.xctest */ = {isa = PBXFileReference; explicitFileType = wrapper.cfbundle; includeInIndex = 0; path = SupportalUITests.xctest; sourceTree = BUILT_PRODUCTS_DIR; };
		A02537851D99AF260017D756 /* SupportalUITests.swift */ = {isa = PBXFileReference; lastKnownFileType = sourcecode.swift; path = SupportalUITests.swift; sourceTree = "<group>"; };
		A02537871D99AF260017D756 /* Info.plist */ = {isa = PBXFileReference; lastKnownFileType = text.plist.xml; path = Info.plist; sourceTree = "<group>"; };
		AF574EBFCFE9F59443FB15CC /* Pods-SupportalUITests.release.xcconfig */ = {isa = PBXFileReference; includeInIndex = 1; lastKnownFileType = text.xcconfig; name = "Pods-SupportalUITests.release.xcconfig"; path = "Pods/Target Support Files/Pods-SupportalUITests/Pods-SupportalUITests.release.xcconfig"; sourceTree = "<group>"; };
		BD9A52E9FBDC00CCB3CCBB7F /* Pods-SupportalUITests.debug.xcconfig */ = {isa = PBXFileReference; includeInIndex = 1; lastKnownFileType = text.xcconfig; name = "Pods-SupportalUITests.debug.xcconfig"; path = "Pods/Target Support Files/Pods-SupportalUITests/Pods-SupportalUITests.debug.xcconfig"; sourceTree = "<group>"; };
		EAB5444696B9C1121CCB2DBF /* Pods-SupportalTests.release.xcconfig */ = {isa = PBXFileReference; includeInIndex = 1; lastKnownFileType = text.xcconfig; name = "Pods-SupportalTests.release.xcconfig"; path = "Pods/Target Support Files/Pods-SupportalTests/Pods-SupportalTests.release.xcconfig"; sourceTree = "<group>"; };
		F286B37084CDEA3002E9C1CC /* Pods_SupportalUITests.framework */ = {isa = PBXFileReference; explicitFileType = wrapper.framework; includeInIndex = 0; path = Pods_SupportalUITests.framework; sourceTree = BUILT_PRODUCTS_DIR; };
/* End PBXFileReference section */

/* Begin PBXFrameworksBuildPhase section */
		A025375F1D99AF260017D756 /* Frameworks */ = {
			isa = PBXFrameworksBuildPhase;
			buildActionMask = 2147483647;
			files = (
				10414098FB29D74C3AB8903A /* Pods_Supportal.framework in Frameworks */,
			);
			runOnlyForDeploymentPostprocessing = 0;
		};
		A02537731D99AF260017D756 /* Frameworks */ = {
			isa = PBXFrameworksBuildPhase;
			buildActionMask = 2147483647;
			files = (
				05F2EF00BE265EF6D67AEA31 /* Pods_SupportalTests.framework in Frameworks */,
			);
			runOnlyForDeploymentPostprocessing = 0;
		};
		A025377E1D99AF260017D756 /* Frameworks */ = {
			isa = PBXFrameworksBuildPhase;
			buildActionMask = 2147483647;
			files = (
				A85F01B959C37B86F4B16C66 /* Pods_SupportalUITests.framework in Frameworks */,
			);
			runOnlyForDeploymentPostprocessing = 0;
		};
/* End PBXFrameworksBuildPhase section */

/* Begin PBXGroup section */
		A02537591D99AF260017D756 = {
			isa = PBXGroup;
			children = (
				8F4AD45A1DD52AFD0071E683 /* JMCTarget.JSON */,
				A02537641D99AF260017D756 /* Supportal */,
				A02537791D99AF260017D756 /* SupportalTests */,
				A02537841D99AF260017D756 /* SupportalUITests */,
				A02537631D99AF260017D756 /* Products */,
				DD4B7545003D3CC56246AF0F /* Pods */,
				DA84EF6445F067E3E3133EBD /* Frameworks */,
			);
			sourceTree = "<group>";
		};
		A02537631D99AF260017D756 /* Products */ = {
			isa = PBXGroup;
			children = (
				A02537621D99AF260017D756 /* Supportal.app */,
				A02537761D99AF260017D756 /* SupportalTests.xctest */,
				A02537811D99AF260017D756 /* SupportalUITests.xctest */,
			);
			name = Products;
			sourceTree = "<group>";
		};
		A02537641D99AF260017D756 /* Supportal */ = {
			isa = PBXGroup;
			children = (
				A02537651D99AF260017D756 /* AppDelegate.swift */,
				A02537671D99AF260017D756 /* ViewController.swift */,
				A02537691D99AF260017D756 /* Main.storyboard */,
				A025376C1D99AF260017D756 /* Assets.xcassets */,
				A025376E1D99AF260017D756 /* LaunchScreen.storyboard */,
				A02537711D99AF260017D756 /* Info.plist */,
				8F4943581DB80BA6003E0E50 /* ViewController.h */,
				8FAAF6031DB93A2F0075E13C /* Supportal-Bridging-Header.h */,
				8FC6994B1DB9482000BC18E5 /* BoxViewController.swift */,
			);
			path = Supportal;
			sourceTree = "<group>";
		};
		A02537791D99AF260017D756 /* SupportalTests */ = {
			isa = PBXGroup;
			children = (
				A025377A1D99AF260017D756 /* SupportalTests.swift */,
				A025377C1D99AF260017D756 /* Info.plist */,
			);
			path = SupportalTests;
			sourceTree = "<group>";
		};
		A02537841D99AF260017D756 /* SupportalUITests */ = {
			isa = PBXGroup;
			children = (
				A02537851D99AF260017D756 /* SupportalUITests.swift */,
				A02537871D99AF260017D756 /* Info.plist */,
			);
			path = SupportalUITests;
			sourceTree = "<group>";
		};
		DA84EF6445F067E3E3133EBD /* Frameworks */ = {
			isa = PBXGroup;
			children = (
				32EE80C4D60B810F22743974 /* Pods_Supportal.framework */,
				5BFC53BEB16D4767D2B3303F /* Pods_SupportalTests.framework */,
				F286B37084CDEA3002E9C1CC /* Pods_SupportalUITests.framework */,
			);
			name = Frameworks;
			sourceTree = "<group>";
		};
		DD4B7545003D3CC56246AF0F /* Pods */ = {
			isa = PBXGroup;
			children = (
				5A23B01DE11F80C6633A112B /* Pods-Supportal.debug.xcconfig */,
				63B947172B3FF767C0C07C22 /* Pods-Supportal.release.xcconfig */,
				0A28F0266535E50A0D886E55 /* Pods-SupportalTests.debug.xcconfig */,
				EAB5444696B9C1121CCB2DBF /* Pods-SupportalTests.release.xcconfig */,
				BD9A52E9FBDC00CCB3CCBB7F /* Pods-SupportalUITests.debug.xcconfig */,
				AF574EBFCFE9F59443FB15CC /* Pods-SupportalUITests.release.xcconfig */,
			);
			name = Pods;
			sourceTree = "<group>";
		};
/* End PBXGroup section */

/* Begin PBXNativeTarget section */
		A02537611D99AF260017D756 /* Supportal */ = {
			isa = PBXNativeTarget;
			buildConfigurationList = A025378A1D99AF260017D756 /* Build configuration list for PBXNativeTarget "Supportal" */;
			buildPhases = (
				40AB66E6F86E50B1E0DCAD99 /* [CP] Check Pods Manifest.lock */,
				A025375E1D99AF260017D756 /* Sources */,
				A025375F1D99AF260017D756 /* Frameworks */,
				A02537601D99AF260017D756 /* Resources */,
				BE34BCEEB0E0822EBB26D890 /* [CP] Embed Pods Frameworks */,
				EAB673B932F2A9D60CFDEAC0 /* [CP] Copy Pods Resources */,
			);
			buildRules = (
			);
			dependencies = (
			);
			name = Supportal;
			productName = Supportal;
			productReference = A02537621D99AF260017D756 /* Supportal.app */;
			productType = "com.apple.product-type.application";
		};
		A02537751D99AF260017D756 /* SupportalTests */ = {
			isa = PBXNativeTarget;
			buildConfigurationList = A025378D1D99AF260017D756 /* Build configuration list for PBXNativeTarget "SupportalTests" */;
			buildPhases = (
				2DB0EE34C2A3935F5A16DAF5 /* [CP] Check Pods Manifest.lock */,
				A02537721D99AF260017D756 /* Sources */,
				A02537731D99AF260017D756 /* Frameworks */,
				A02537741D99AF260017D756 /* Resources */,
				A3F50174BD775806A968B76E /* [CP] Embed Pods Frameworks */,
				8AC05F3D6D22D9658F632DED /* [CP] Copy Pods Resources */,
			);
			buildRules = (
			);
			dependencies = (
				A02537781D99AF260017D756 /* PBXTargetDependency */,
			);
			name = SupportalTests;
			productName = SupportalTests;
			productReference = A02537761D99AF260017D756 /* SupportalTests.xctest */;
			productType = "com.apple.product-type.bundle.unit-test";
		};
		A02537801D99AF260017D756 /* SupportalUITests */ = {
			isa = PBXNativeTarget;
			buildConfigurationList = A02537901D99AF260017D756 /* Build configuration list for PBXNativeTarget "SupportalUITests" */;
			buildPhases = (
				CB0B157FD346B84287A2B609 /* [CP] Check Pods Manifest.lock */,
				A025377D1D99AF260017D756 /* Sources */,
				A025377E1D99AF260017D756 /* Frameworks */,
				A025377F1D99AF260017D756 /* Resources */,
				72C652C97E665D316391AA1B /* [CP] Embed Pods Frameworks */,
				59D9FB964352E9003D98C1EC /* [CP] Copy Pods Resources */,
			);
			buildRules = (
			);
			dependencies = (
				A02537831D99AF260017D756 /* PBXTargetDependency */,
			);
			name = SupportalUITests;
			productName = SupportalUITests;
			productReference = A02537811D99AF260017D756 /* SupportalUITests.xctest */;
			productType = "com.apple.product-type.bundle.ui-testing";
		};
/* End PBXNativeTarget section */

/* Begin PBXProject section */
		A025375A1D99AF260017D756 /* Project object */ = {
			isa = PBXProject;
			attributes = {
				LastSwiftUpdateCheck = 0800;
				LastUpgradeCheck = 0800;
				ORGANIZATIONNAME = "Oak Labs";
				TargetAttributes = {
					A02537611D99AF260017D756 = {
						CreatedOnToolsVersion = 8.0;
						LastSwiftMigration = 0800;
						ProvisioningStyle = Automatic;
					};
					A02537751D99AF260017D756 = {
						CreatedOnToolsVersion = 8.0;
						ProvisioningStyle = Automatic;
						TestTargetID = A02537611D99AF260017D756;
					};
					A02537801D99AF260017D756 = {
						CreatedOnToolsVersion = 8.0;
						ProvisioningStyle = Automatic;
						TestTargetID = A02537611D99AF260017D756;
					};
				};
			};
			buildConfigurationList = A025375D1D99AF260017D756 /* Build configuration list for PBXProject "Supportal" */;
			compatibilityVersion = "Xcode 3.2";
			developmentRegion = English;
			hasScannedForEncodings = 0;
			knownRegions = (
				en,
				Base,
			);
			mainGroup = A02537591D99AF260017D756;
			productRefGroup = A02537631D99AF260017D756 /* Products */;
			projectDirPath = "";
			projectRoot = "";
			targets = (
				A02537611D99AF260017D756 /* Supportal */,
				A02537751D99AF260017D756 /* SupportalTests */,
				A02537801D99AF260017D756 /* SupportalUITests */,
			);
		};
/* End PBXProject section */

/* Begin PBXResourcesBuildPhase section */
		A02537601D99AF260017D756 /* Resources */ = {
			isa = PBXResourcesBuildPhase;
			buildActionMask = 2147483647;
			files = (
				A02537701D99AF260017D756 /* LaunchScreen.storyboard in Resources */,
				A025376D1D99AF260017D756 /* Assets.xcassets in Resources */,
				A025376B1D99AF260017D756 /* Main.storyboard in Resources */,
				8F4AD45B1DD52AFD0071E683 /* JMCTarget.JSON in Resources */,
			);
			runOnlyForDeploymentPostprocessing = 0;
		};
		A02537741D99AF260017D756 /* Resources */ = {
			isa = PBXResourcesBuildPhase;
			buildActionMask = 2147483647;
			files = (
			);
			runOnlyForDeploymentPostprocessing = 0;
		};
		A025377F1D99AF260017D756 /* Resources */ = {
			isa = PBXResourcesBuildPhase;
			buildActionMask = 2147483647;
			files = (
			);
			runOnlyForDeploymentPostprocessing = 0;
		};
/* End PBXResourcesBuildPhase section */

/* Begin PBXShellScriptBuildPhase section */
		2DB0EE34C2A3935F5A16DAF5 /* [CP] Check Pods Manifest.lock */ = {
			isa = PBXShellScriptBuildPhase;
			buildActionMask = 2147483647;
			files = (
			);
			inputPaths = (
			);
			name = "[CP] Check Pods Manifest.lock";
			outputPaths = (
			);
			runOnlyForDeploymentPostprocessing = 0;
			shellPath = /bin/sh;
			shellScript = "diff \"${PODS_ROOT}/../Podfile.lock\" \"${PODS_ROOT}/Manifest.lock\" > /dev/null\nif [ $? != 0 ] ; then\n    # print error to STDERR\n    echo \"error: The sandbox is not in sync with the Podfile.lock. Run 'pod install' or update your CocoaPods installation.\" >&2\n    exit 1\nfi\n";
			showEnvVarsInLog = 0;
		};
		40AB66E6F86E50B1E0DCAD99 /* [CP] Check Pods Manifest.lock */ = {
			isa = PBXShellScriptBuildPhase;
			buildActionMask = 2147483647;
			files = (
			);
			inputPaths = (
			);
			name = "[CP] Check Pods Manifest.lock";
			outputPaths = (
			);
			runOnlyForDeploymentPostprocessing = 0;
			shellPath = /bin/sh;
			shellScript = "diff \"${PODS_ROOT}/../Podfile.lock\" \"${PODS_ROOT}/Manifest.lock\" > /dev/null\nif [ $? != 0 ] ; then\n    # print error to STDERR\n    echo \"error: The sandbox is not in sync with the Podfile.lock. Run 'pod install' or update your CocoaPods installation.\" >&2\n    exit 1\nfi\n";
			showEnvVarsInLog = 0;
		};
		59D9FB964352E9003D98C1EC /* [CP] Copy Pods Resources */ = {
			isa = PBXShellScriptBuildPhase;
			buildActionMask = 2147483647;
			files = (
			);
			inputPaths = (
			);
			name = "[CP] Copy Pods Resources";
			outputPaths = (
			);
			runOnlyForDeploymentPostprocessing = 0;
			shellPath = /bin/sh;
			shellScript = "\"${SRCROOT}/Pods/Target Support Files/Pods-SupportalUITests/Pods-SupportalUITests-resources.sh\"\n";
			showEnvVarsInLog = 0;
		};
		72C652C97E665D316391AA1B /* [CP] Embed Pods Frameworks */ = {
			isa = PBXShellScriptBuildPhase;
			buildActionMask = 2147483647;
			files = (
			);
			inputPaths = (
			);
			name = "[CP] Embed Pods Frameworks";
			outputPaths = (
			);
			runOnlyForDeploymentPostprocessing = 0;
			shellPath = /bin/sh;
			shellScript = "\"${SRCROOT}/Pods/Target Support Files/Pods-SupportalUITests/Pods-SupportalUITests-frameworks.sh\"\n";
			showEnvVarsInLog = 0;
		};
		8AC05F3D6D22D9658F632DED /* [CP] Copy Pods Resources */ = {
			isa = PBXShellScriptBuildPhase;
			buildActionMask = 2147483647;
			files = (
			);
			inputPaths = (
			);
			name = "[CP] Copy Pods Resources";
			outputPaths = (
			);
			runOnlyForDeploymentPostprocessing = 0;
			shellPath = /bin/sh;
			shellScript = "\"${SRCROOT}/Pods/Target Support Files/Pods-SupportalTests/Pods-SupportalTests-resources.sh\"\n";
			showEnvVarsInLog = 0;
		};
		A3F50174BD775806A968B76E /* [CP] Embed Pods Frameworks */ = {
			isa = PBXShellScriptBuildPhase;
			buildActionMask = 2147483647;
			files = (
			);
			inputPaths = (
			);
			name = "[CP] Embed Pods Frameworks";
			outputPaths = (
			);
			runOnlyForDeploymentPostprocessing = 0;
			shellPath = /bin/sh;
			shellScript = "\"${SRCROOT}/Pods/Target Support Files/Pods-SupportalTests/Pods-SupportalTests-frameworks.sh\"\n";
			showEnvVarsInLog = 0;
		};
		BE34BCEEB0E0822EBB26D890 /* [CP] Embed Pods Frameworks */ = {
			isa = PBXShellScriptBuildPhase;
			buildActionMask = 2147483647;
			files = (
			);
			inputPaths = (
			);
			name = "[CP] Embed Pods Frameworks";
			outputPaths = (
			);
			runOnlyForDeploymentPostprocessing = 0;
			shellPath = /bin/sh;
			shellScript = "\"${SRCROOT}/Pods/Target Support Files/Pods-Supportal/Pods-Supportal-frameworks.sh\"\n";
			showEnvVarsInLog = 0;
		};
		CB0B157FD346B84287A2B609 /* [CP] Check Pods Manifest.lock */ = {
			isa = PBXShellScriptBuildPhase;
			buildActionMask = 2147483647;
			files = (
			);
			inputPaths = (
			);
			name = "[CP] Check Pods Manifest.lock";
			outputPaths = (
			);
			runOnlyForDeploymentPostprocessing = 0;
			shellPath = /bin/sh;
			shellScript = "diff \"${PODS_ROOT}/../Podfile.lock\" \"${PODS_ROOT}/Manifest.lock\" > /dev/null\nif [ $? != 0 ] ; then\n    # print error to STDERR\n    echo \"error: The sandbox is not in sync with the Podfile.lock. Run 'pod install' or update your CocoaPods installation.\" >&2\n    exit 1\nfi\n";
			showEnvVarsInLog = 0;
		};
		EAB673B932F2A9D60CFDEAC0 /* [CP] Copy Pods Resources */ = {
			isa = PBXShellScriptBuildPhase;
			buildActionMask = 2147483647;
			files = (
			);
			inputPaths = (
			);
			name = "[CP] Copy Pods Resources";
			outputPaths = (
			);
			runOnlyForDeploymentPostprocessing = 0;
			shellPath = /bin/sh;
			shellScript = "\"${SRCROOT}/Pods/Target Support Files/Pods-Supportal/Pods-Supportal-resources.sh\"\n";
			showEnvVarsInLog = 0;
		};
/* End PBXShellScriptBuildPhase section */

/* Begin PBXSourcesBuildPhase section */
		A025375E1D99AF260017D756 /* Sources */ = {
			isa = PBXSourcesBuildPhase;
			buildActionMask = 2147483647;
			files = (
				A02537681D99AF260017D756 /* ViewController.swift in Sources */,
				8FC6994C1DB9482000BC18E5 /* BoxViewController.swift in Sources */,
				A02537661D99AF260017D756 /* AppDelegate.swift in Sources */,
			);
			runOnlyForDeploymentPostprocessing = 0;
		};
		A02537721D99AF260017D756 /* Sources */ = {
			isa = PBXSourcesBuildPhase;
			buildActionMask = 2147483647;
			files = (
				A025377B1D99AF260017D756 /* SupportalTests.swift in Sources */,
			);
			runOnlyForDeploymentPostprocessing = 0;
		};
		A025377D1D99AF260017D756 /* Sources */ = {
			isa = PBXSourcesBuildPhase;
			buildActionMask = 2147483647;
			files = (
				A02537861D99AF260017D756 /* SupportalUITests.swift in Sources */,
			);
			runOnlyForDeploymentPostprocessing = 0;
		};
/* End PBXSourcesBuildPhase section */

/* Begin PBXTargetDependency section */
		A02537781D99AF260017D756 /* PBXTargetDependency */ = {
			isa = PBXTargetDependency;
			target = A02537611D99AF260017D756 /* Supportal */;
			targetProxy = A02537771D99AF260017D756 /* PBXContainerItemProxy */;
		};
		A02537831D99AF260017D756 /* PBXTargetDependency */ = {
			isa = PBXTargetDependency;
			target = A02537611D99AF260017D756 /* Supportal */;
			targetProxy = A02537821D99AF260017D756 /* PBXContainerItemProxy */;
		};
/* End PBXTargetDependency section */

/* Begin PBXVariantGroup section */
		A02537691D99AF260017D756 /* Main.storyboard */ = {
			isa = PBXVariantGroup;
			children = (
				A025376A1D99AF260017D756 /* Base */,
			);
			name = Main.storyboard;
			sourceTree = "<group>";
		};
		A025376E1D99AF260017D756 /* LaunchScreen.storyboard */ = {
			isa = PBXVariantGroup;
			children = (
				A025376F1D99AF260017D756 /* Base */,
			);
			name = LaunchScreen.storyboard;
			sourceTree = "<group>";
		};
/* End PBXVariantGroup section */

/* Begin XCBuildConfiguration section */
		A02537881D99AF260017D756 /* Debug */ = {
			isa = XCBuildConfiguration;
			buildSettings = {
				ALWAYS_EMBED_SWIFT_STANDARD_LIBRARIES = "$(inherited)";
				ALWAYS_SEARCH_USER_PATHS = NO;
				CLANG_ANALYZER_NONNULL = YES;
				CLANG_CXX_LANGUAGE_STANDARD = "gnu++0x";
				CLANG_CXX_LIBRARY = "libc++";
				CLANG_ENABLE_MODULES = YES;
				CLANG_ENABLE_OBJC_ARC = YES;
				CLANG_WARN_BOOL_CONVERSION = YES;
				CLANG_WARN_CONSTANT_CONVERSION = YES;
				CLANG_WARN_DIRECT_OBJC_ISA_USAGE = YES_ERROR;
				CLANG_WARN_DOCUMENTATION_COMMENTS = YES;
				CLANG_WARN_EMPTY_BODY = YES;
				CLANG_WARN_ENUM_CONVERSION = YES;
				CLANG_WARN_INFINITE_RECURSION = YES;
				CLANG_WARN_INT_CONVERSION = YES;
				CLANG_WARN_OBJC_ROOT_CLASS = YES_ERROR;
				CLANG_WARN_SUSPICIOUS_MOVE = YES;
				CLANG_WARN_UNREACHABLE_CODE = YES;
				CLANG_WARN__DUPLICATE_METHOD_MATCH = YES;
				"CODE_SIGN_IDENTITY[sdk=iphoneos*]" = "iPhone Developer";
				COPY_PHASE_STRIP = NO;
				DEBUG_INFORMATION_FORMAT = dwarf;
				ENABLE_STRICT_OBJC_MSGSEND = YES;
				ENABLE_TESTABILITY = YES;
				GCC_C_LANGUAGE_STANDARD = gnu99;
				GCC_DYNAMIC_NO_PIC = NO;
				GCC_NO_COMMON_BLOCKS = YES;
				GCC_OPTIMIZATION_LEVEL = 0;
				GCC_PREPROCESSOR_DEFINITIONS = (
					"DEBUG=1",
					"$(inherited)",
				);
				GCC_WARN_64_TO_32_BIT_CONVERSION = YES;
				GCC_WARN_ABOUT_RETURN_TYPE = YES_ERROR;
				GCC_WARN_UNDECLARED_SELECTOR = YES;
				GCC_WARN_UNINITIALIZED_AUTOS = YES_AGGRESSIVE;
				GCC_WARN_UNUSED_FUNCTION = YES;
				GCC_WARN_UNUSED_VARIABLE = YES;
				IPHONEOS_DEPLOYMENT_TARGET = 10.0;
				MTL_ENABLE_DEBUG_INFO = YES;
				ONLY_ACTIVE_ARCH = YES;
				SDKROOT = iphoneos;
				SWIFT_ACTIVE_COMPILATION_CONDITIONS = DEBUG;
				SWIFT_OPTIMIZATION_LEVEL = "-Onone";
			};
			name = Debug;
		};
		A02537891D99AF260017D756 /* Release */ = {
			isa = XCBuildConfiguration;
			buildSettings = {
				ALWAYS_EMBED_SWIFT_STANDARD_LIBRARIES = "$(inherited)";
				ALWAYS_SEARCH_USER_PATHS = NO;
				CLANG_ANALYZER_NONNULL = YES;
				CLANG_CXX_LANGUAGE_STANDARD = "gnu++0x";
				CLANG_CXX_LIBRARY = "libc++";
				CLANG_ENABLE_MODULES = YES;
				CLANG_ENABLE_OBJC_ARC = YES;
				CLANG_WARN_BOOL_CONVERSION = YES;
				CLANG_WARN_CONSTANT_CONVERSION = YES;
				CLANG_WARN_DIRECT_OBJC_ISA_USAGE = YES_ERROR;
				CLANG_WARN_DOCUMENTATION_COMMENTS = YES;
				CLANG_WARN_EMPTY_BODY = YES;
				CLANG_WARN_ENUM_CONVERSION = YES;
				CLANG_WARN_INFINITE_RECURSION = YES;
				CLANG_WARN_INT_CONVERSION = YES;
				CLANG_WARN_OBJC_ROOT_CLASS = YES_ERROR;
				CLANG_WARN_SUSPICIOUS_MOVE = YES;
				CLANG_WARN_UNREACHABLE_CODE = YES;
				CLANG_WARN__DUPLICATE_METHOD_MATCH = YES;
				"CODE_SIGN_IDENTITY[sdk=iphoneos*]" = "iPhone Developer";
				COPY_PHASE_STRIP = NO;
				DEBUG_INFORMATION_FORMAT = "dwarf-with-dsym";
				ENABLE_NS_ASSERTIONS = NO;
				ENABLE_STRICT_OBJC_MSGSEND = YES;
				GCC_C_LANGUAGE_STANDARD = gnu99;
				GCC_NO_COMMON_BLOCKS = YES;
				GCC_WARN_64_TO_32_BIT_CONVERSION = YES;
				GCC_WARN_ABOUT_RETURN_TYPE = YES_ERROR;
				GCC_WARN_UNDECLARED_SELECTOR = YES;
				GCC_WARN_UNINITIALIZED_AUTOS = YES_AGGRESSIVE;
				GCC_WARN_UNUSED_FUNCTION = YES;
				GCC_WARN_UNUSED_VARIABLE = YES;
				IPHONEOS_DEPLOYMENT_TARGET = 10.0;
				MTL_ENABLE_DEBUG_INFO = NO;
				SDKROOT = iphoneos;
				SWIFT_OPTIMIZATION_LEVEL = "-Owholemodule";
				VALIDATE_PRODUCT = YES;
			};
			name = Release;
		};
		A025378B1D99AF260017D756 /* Debug */ = {
			isa = XCBuildConfiguration;
			baseConfigurationReference = 5A23B01DE11F80C6633A112B /* Pods-Supportal.debug.xcconfig */;
			buildSettings = {
				ALWAYS_EMBED_SWIFT_STANDARD_LIBRARIES = "$(inherited)";
				ASSETCATALOG_COMPILER_APPICON_NAME = AppIcon;
				CLANG_ENABLE_MODULES = YES;
				INFOPLIST_FILE = Supportal/Info.plist;
				LD_RUNPATH_SEARCH_PATHS = "$(inherited) @executable_path/Frameworks";
				PRODUCT_BUNDLE_IDENTIFIER = com.OakLabs.Supportal;
				PRODUCT_NAME = "$(TARGET_NAME)";
				SWIFT_OPTIMIZATION_LEVEL = "-Onone";
				SWIFT_VERSION = 3.0;
			};
			name = Debug;
		};
		A025378C1D99AF260017D756 /* Release */ = {
			isa = XCBuildConfiguration;
			baseConfigurationReference = 63B947172B3FF767C0C07C22 /* Pods-Supportal.release.xcconfig */;
			buildSettings = {
				ALWAYS_EMBED_SWIFT_STANDARD_LIBRARIES = "$(inherited)";
				ASSETCATALOG_COMPILER_APPICON_NAME = AppIcon;
				CLANG_ENABLE_MODULES = YES;
				INFOPLIST_FILE = Supportal/Info.plist;
				LD_RUNPATH_SEARCH_PATHS = "$(inherited) @executable_path/Frameworks";
				PRODUCT_BUNDLE_IDENTIFIER = com.OakLabs.Supportal;
				PRODUCT_NAME = "$(TARGET_NAME)";
				SWIFT_VERSION = 3.0;
			};
			name = Release;
		};
		A025378E1D99AF260017D756 /* Debug */ = {
			isa = XCBuildConfiguration;
			baseConfigurationReference = 0A28F0266535E50A0D886E55 /* Pods-SupportalTests.debug.xcconfig */;
			buildSettings = {
				ALWAYS_EMBED_SWIFT_STANDARD_LIBRARIES = "$(inherited)";
				BUNDLE_LOADER = "$(TEST_HOST)";
				INFOPLIST_FILE = SupportalTests/Info.plist;
				LD_RUNPATH_SEARCH_PATHS = "$(inherited) @executable_path/Frameworks @loader_path/Frameworks";
				PRODUCT_BUNDLE_IDENTIFIER = com.OakLabs.SupportalTests;
				PRODUCT_NAME = "$(TARGET_NAME)";
				SWIFT_VERSION = 3.0;
				TEST_HOST = "$(BUILT_PRODUCTS_DIR)/Supportal.app/Supportal";
			};
			name = Debug;
		};
		A025378F1D99AF260017D756 /* Release */ = {
			isa = XCBuildConfiguration;
			baseConfigurationReference = EAB5444696B9C1121CCB2DBF /* Pods-SupportalTests.release.xcconfig */;
			buildSettings = {
				ALWAYS_EMBED_SWIFT_STANDARD_LIBRARIES = "$(inherited)";
				BUNDLE_LOADER = "$(TEST_HOST)";
				INFOPLIST_FILE = SupportalTests/Info.plist;
				LD_RUNPATH_SEARCH_PATHS = "$(inherited) @executable_path/Frameworks @loader_path/Frameworks";
				PRODUCT_BUNDLE_IDENTIFIER = com.OakLabs.SupportalTests;
				PRODUCT_NAME = "$(TARGET_NAME)";
				SWIFT_VERSION = 3.0;
				TEST_HOST = "$(BUILT_PRODUCTS_DIR)/Supportal.app/Supportal";
			};
			name = Release;
		};
		A02537911D99AF260017D756 /* Debug */ = {
			isa = XCBuildConfiguration;
			baseConfigurationReference = BD9A52E9FBDC00CCB3CCBB7F /* Pods-SupportalUITests.debug.xcconfig */;
			buildSettings = {
				ALWAYS_EMBED_SWIFT_STANDARD_LIBRARIES = "$(inherited)";
				INFOPLIST_FILE = SupportalUITests/Info.plist;
				LD_RUNPATH_SEARCH_PATHS = "$(inherited) @executable_path/Frameworks @loader_path/Frameworks";
				PRODUCT_BUNDLE_IDENTIFIER = com.OakLabs.SupportalUITests;
				PRODUCT_NAME = "$(TARGET_NAME)";
				SWIFT_VERSION = 3.0;
				TEST_TARGET_NAME = Supportal;
			};
			name = Debug;
		};
		A02537921D99AF260017D756 /* Release */ = {
			isa = XCBuildConfiguration;
			baseConfigurationReference = AF574EBFCFE9F59443FB15CC /* Pods-SupportalUITests.release.xcconfig */;
			buildSettings = {
				ALWAYS_EMBED_SWIFT_STANDARD_LIBRARIES = "$(inherited)";
				INFOPLIST_FILE = SupportalUITests/Info.plist;
				LD_RUNPATH_SEARCH_PATHS = "$(inherited) @executable_path/Frameworks @loader_path/Frameworks";
				PRODUCT_BUNDLE_IDENTIFIER = com.OakLabs.SupportalUITests;
				PRODUCT_NAME = "$(TARGET_NAME)";
				SWIFT_VERSION = 3.0;
				TEST_TARGET_NAME = Supportal;
			};
			name = Release;
		};
/* End XCBuildConfiguration section */

/* Begin XCConfigurationList section */
		A025375D1D99AF260017D756 /* Build configuration list for PBXProject "Supportal" */ = {
			isa = XCConfigurationList;
			buildConfigurations = (
				A02537881D99AF260017D756 /* Debug */,
				A02537891D99AF260017D756 /* Release */,
			);
			defaultConfigurationIsVisible = 0;
			defaultConfigurationName = Release;
		};
		A025378A1D99AF260017D756 /* Build configuration list for PBXNativeTarget "Supportal" */ = {
			isa = XCConfigurationList;
			buildConfigurations = (
				A025378B1D99AF260017D756 /* Debug */,
				A025378C1D99AF260017D756 /* Release */,
			);
			defaultConfigurationIsVisible = 0;
			defaultConfigurationName = Release;
		};
		A025378D1D99AF260017D756 /* Build configuration list for PBXNativeTarget "SupportalTests" */ = {
			isa = XCConfigurationList;
			buildConfigurations = (
				A025378E1D99AF260017D756 /* Debug */,
				A025378F1D99AF260017D756 /* Release */,
			);
			defaultConfigurationIsVisible = 0;
			defaultConfigurationName = Release;
		};
		A02537901D99AF260017D756 /* Build configuration list for PBXNativeTarget "SupportalUITests" */ = {
			isa = XCConfigurationList;
			buildConfigurations = (
				A02537911D99AF260017D756 /* Debug */,
				A02537921D99AF260017D756 /* Release */,
			);
			defaultConfigurationIsVisible = 0;
			defaultConfigurationName = Release;
		};
/* End XCConfigurationList section */
	};
	rootObject = A025375A1D99AF260017D756 /* Project object */;
}
