PODS:
  - Alamofire (4.2.0)
  - KeychainAccess (3.0.1)
  - OAuthSwift (1.1.0)
  - SlackKit (3.1.5):
    - Starscream
    - Swifter
  - Starscream (2.0.2)
  - Swifter (1.3.2)
  - SwiftyJSON (3.1.3)

DEPENDENCIES:
  - Alamofire (~> 4.0)
  - KeychainAccess (~> 3.0.1)
  - OAuthSwift (~> 1.1.0)
  - SlackKit (~> 3.1.2)
  - SwiftyJSON (~> 3.1)

SPEC CHECKSUMS:
  Alamofire: aa2e09d871c9160ac53c90e83c68064a94e3dfbe
  KeychainAccess: 017ea25e313a49eda10bb19b0bb0760fb1edfe1a
  OAuthSwift: 7ec2c62274f6bdc30b1ba3b799c39a6fdcaea0e5
  SlackKit: 64dadfa7d52ebc3e641c63d2973ab303782ee1ed
  Starscream: 6c135a34e0a6e60cedaa0b30db67a4c05cf7cd38
  Swifter: dd1800ba8eb3e28b22b8bd20f91a8561a0110fac
  SwiftyJSON: 38a8ea2006779c0fc4c310cb2ee8195327740faf

PODFILE CHECKSUM: a7204379a4af95b771b527cc748a9a47cacaffef

COCOAPODS: 1.2.0.beta.1
