PODS:
  - Alamofire (4.0.1)
  - SlackKit (3.1.2):
    - Starscream
    - Swifter
  - Starscream (2.0.1)
  - Swifter (1.3.2)

DEPENDENCIES:
  - Alamofire (~> 4.0)
  - SlackKit (~> 3.1.2)

SPEC CHECKSUMS:
  Alamofire: 7682d43245de14874acd142ec137b144aa1dd335
  SlackKit: 3a6820f66ea32bb6097b256294a73523da4c359a
  Starscream: ce7a202d95615bd4113bc5a0f1932f1db8c808a4
  Swifter: dd1800ba8eb3e28b22b8bd20f91a8561a0110fac

PODFILE CHECKSUM: e9cf1ff4b18fd7aebc54aeab9eeae82601c0bc36

COCOAPODS: 1.2.0.beta.1
